
Microsoft Visual Studio Solution File, Format Version 12.00
# Visual Studio Version 17
VisualStudioVersion = 17.0.31919.166
MinimumVisualStudioVersion = 10.0.40219.1
Project("{FAE04EC0-301F-11D3-BF4B-00C04F79EFBC}") = "Multiplicacion de Propiedades", "Multiplicacion de Propiedades\Multiplicacion de Propiedades.csproj", "{566611F2-84B0-4ECD-B800-94400D69C566}"
EndProject
Global
	GlobalSection(SolutionConfigurationPlatforms) = preSolution
		Debug|Any CPU = Debug|Any CPU
		Release|Any CPU = Release|Any CPU
	EndGlobalSection
	GlobalSection(ProjectConfigurationPlatforms) = postSolution
		{566611F2-84B0-4ECD-B800-94400D69C566}.Debug|Any CPU.ActiveCfg = Debug|Any CPU
		{566611F2-84B0-4ECD-B800-94400D69C566}.Debug|Any CPU.Build.0 = Debug|Any CPU
		{566611F2-84B0-4ECD-B800-94400D69C566}.Release|Any CPU.ActiveCfg = Release|Any CPU
		{566611F2-84B0-4ECD-B800-94400D69C566}.Release|Any CPU.Build.0 = Release|Any CPU
	EndGlobalSection
	GlobalSection(SolutionProperties) = preSolution
		HideSolutionNode = FALSE
	EndGlobalSection
	GlobalSection(ExtensibilityGlobals) = postSolution
		SolutionGuid = {77C7BA8B-9735-433A-BAC0-AAD13C8937D2}
	EndGlobalSection
EndGlobal
